
Microsoft Visual Studio Solution File, Format Version 12.00
# Visual Studio 14
VisualStudioVersion = 14.0.23107.0
MinimumVisualStudioVersion = 10.0.40219.1
Project("{FAE04EC0-301F-11D3-BF4B-00C04F79EFBC}") = "GameInABox", "GameInALibrary\GameInABox.csproj", "{54918896-9BEA-4ED5-9E57-5355D3EC2AFE}"
EndProject
Project("{FAE04EC0-301F-11D3-BF4B-00C04F79EFBC}") = "XMLTesting", "XMLTesting\XMLTesting.csproj", "{F8C8A584-A693-4C65-B38E-D79FBFB16934}"
	ProjectSection(ProjectDependencies) = postProject
		{54918896-9BEA-4ED5-9E57-5355D3EC2AFE} = {54918896-9BEA-4ED5-9E57-5355D3EC2AFE}
	EndProjectSection
EndProject
Global
	GlobalSection(SolutionConfigurationPlatforms) = preSolution
		Debug|Any CPU = Debug|Any CPU
		Release|Any CPU = Release|Any CPU
	EndGlobalSection
	GlobalSection(ProjectConfigurationPlatforms) = postSolution
		{54918896-9BEA-4ED5-9E57-5355D3EC2AFE}.Debug|Any CPU.ActiveCfg = Debug|Any CPU
		{54918896-9BEA-4ED5-9E57-5355D3EC2AFE}.Debug|Any CPU.Build.0 = Debug|Any CPU
		{54918896-9BEA-4ED5-9E57-5355D3EC2AFE}.Release|Any CPU.ActiveCfg = Release|Any CPU
		{54918896-9BEA-4ED5-9E57-5355D3EC2AFE}.Release|Any CPU.Build.0 = Release|Any CPU
		{F8C8A584-A693-4C65-B38E-D79FBFB16934}.Debug|Any CPU.ActiveCfg = Debug|Any CPU
		{F8C8A584-A693-4C65-B38E-D79FBFB16934}.Debug|Any CPU.Build.0 = Debug|Any CPU
		{F8C8A584-A693-4C65-B38E-D79FBFB16934}.Release|Any CPU.ActiveCfg = Release|Any CPU
		{F8C8A584-A693-4C65-B38E-D79FBFB16934}.Release|Any CPU.Build.0 = Release|Any CPU
	EndGlobalSection
	GlobalSection(SolutionProperties) = preSolution
		HideSolutionNode = FALSE
	EndGlobalSection
EndGlobal
